// !$*UTF8*$!
{
	archiveVersion = 1;
	classes = {
	};
	objectVersion = 46;
	objects = {

/* Begin PBXBuildFile section */
		CA4FC7CA1439015B00E30CE0 /* PlayersViewController.m in Sources */ = {isa = PBXBuildFile; fileRef = CA4FC7C91439015A00E30CE0 /* PlayersViewController.m */; };
		CA4FC7D3143905C600E30CE0 /* EditPlayerViewController.m in Sources */ = {isa = PBXBuildFile; fileRef = CA4FC7D1143905C500E30CE0 /* EditPlayerViewController.m */; };
		CA4FC7D714391E7600E30CE0 /* SimulationViewController.m in Sources */ = {isa = PBXBuildFile; fileRef = CA4FC7D614391E7500E30CE0 /* SimulationViewController.m */; };
		CA4FC7DA1440A9A500E30CE0 /* PokerAI.m in Sources */ = {isa = PBXBuildFile; fileRef = CA4FC7D91440A9A400E30CE0 /* PokerAI.m */; };
		CA6F7242142979C6004D3B2A /* UIKit.framework in Frameworks */ = {isa = PBXBuildFile; fileRef = CA6F7241142979C6004D3B2A /* UIKit.framework */; };
		CA6F7244142979C6004D3B2A /* Foundation.framework in Frameworks */ = {isa = PBXBuildFile; fileRef = CA6F7243142979C6004D3B2A /* Foundation.framework */; };
		CA6F7246142979C6004D3B2A /* CoreGraphics.framework in Frameworks */ = {isa = PBXBuildFile; fileRef = CA6F7245142979C6004D3B2A /* CoreGraphics.framework */; };
		CA6F724C142979C6004D3B2A /* InfoPlist.strings in Resources */ = {isa = PBXBuildFile; fileRef = CA6F724A142979C6004D3B2A /* InfoPlist.strings */; };
		CA6F724E142979C6004D3B2A /* main.m in Sources */ = {isa = PBXBuildFile; fileRef = CA6F724D142979C6004D3B2A /* main.m */; };
		CA6F7252142979C6004D3B2A /* AppDelegate.m in Sources */ = {isa = PBXBuildFile; fileRef = CA6F7251142979C6004D3B2A /* AppDelegate.m */; };
		CA6F725A142979C6004D3B2A /* SenTestingKit.framework in Frameworks */ = {isa = PBXBuildFile; fileRef = CA6F7259142979C6004D3B2A /* SenTestingKit.framework */; };
		CA6F725B142979C6004D3B2A /* UIKit.framework in Frameworks */ = {isa = PBXBuildFile; fileRef = CA6F7241142979C6004D3B2A /* UIKit.framework */; };
		CA6F725C142979C6004D3B2A /* Foundation.framework in Frameworks */ = {isa = PBXBuildFile; fileRef = CA6F7243142979C6004D3B2A /* Foundation.framework */; };
		CA6F7264142979C6004D3B2A /* InfoPlist.strings in Resources */ = {isa = PBXBuildFile; fileRef = CA6F7262142979C6004D3B2A /* InfoPlist.strings */; };
		CA6F7267142979C6004D3B2A /* PokerTests.m in Sources */ = {isa = PBXBuildFile; fileRef = CA6F7266142979C6004D3B2A /* PokerTests.m */; };
		CA6F727214297A12004D3B2A /* Card.m in Sources */ = {isa = PBXBuildFile; fileRef = CA6F727114297A12004D3B2A /* Card.m */; };
		CA8A76901442196C00C786B6 /* HandLogViewController.m in Sources */ = {isa = PBXBuildFile; fileRef = CA8A768F1442196C00C786B6 /* HandLogViewController.m */; };
		CAC7A853142FAB2D00FCCAB1 /* Deck.m in Sources */ = {isa = PBXBuildFile; fileRef = CAC7A852142FAB2D00FCCAB1 /* Deck.m */; };
		CAC7A856142FB03400FCCAB1 /* PokerHand.m in Sources */ = {isa = PBXBuildFile; fileRef = CAC7A855142FB03400FCCAB1 /* PokerHand.m */; };
		CAC7A85C142FCA2600FCCAB1 /* PokerGame.m in Sources */ = {isa = PBXBuildFile; fileRef = CAC7A85B142FCA2600FCCAB1 /* PokerGame.m */; };
		CAC7A85F142FCDCE00FCCAB1 /* PokerTable.m in Sources */ = {isa = PBXBuildFile; fileRef = CAC7A85E142FCDCE00FCCAB1 /* PokerTable.m */; };
		CAC7A862142FCE8F00FCCAB1 /* PokerPlayer.m in Sources */ = {isa = PBXBuildFile; fileRef = CAC7A861142FCE8F00FCCAB1 /* PokerPlayer.m */; };
/* End PBXBuildFile section */

/* Begin PBXContainerItemProxy section */
		CA6F725D142979C6004D3B2A /* PBXContainerItemProxy */ = {
			isa = PBXContainerItemProxy;
			containerPortal = CA6F7234142979C5004D3B2A /* Project object */;
			proxyType = 1;
			remoteGlobalIDString = CA6F723C142979C6004D3B2A;
			remoteInfo = Poker;
		};
/* End PBXContainerItemProxy section */

/* Begin PBXFileReference section */
		CA4FC7C81439015A00E30CE0 /* PlayersViewController.h */ = {isa = PBXFileReference; fileEncoding = 4; lastKnownFileType = sourcecode.c.h; path = PlayersViewController.h; sourceTree = "<group>"; };
		CA4FC7C91439015A00E30CE0 /* PlayersViewController.m */ = {isa = PBXFileReference; fileEncoding = 4; lastKnownFileType = sourcecode.c.objc; path = PlayersViewController.m; sourceTree = "<group>"; };
		CA4FC7D0143905C500E30CE0 /* EditPlayerViewController.h */ = {isa = PBXFileReference; fileEncoding = 4; lastKnownFileType = sourcecode.c.h; path = EditPlayerViewController.h; sourceTree = "<group>"; };
		CA4FC7D1143905C500E30CE0 /* EditPlayerViewController.m */ = {isa = PBXFileReference; fileEncoding = 4; lastKnownFileType = sourcecode.c.objc; path = EditPlayerViewController.m; sourceTree = "<group>"; };
		CA4FC7D514391E7500E30CE0 /* SimulationViewController.h */ = {isa = PBXFileReference; fileEncoding = 4; lastKnownFileType = sourcecode.c.h; path = SimulationViewController.h; sourceTree = "<group>"; };
		CA4FC7D614391E7500E30CE0 /* SimulationViewController.m */ = {isa = PBXFileReference; fileEncoding = 4; lastKnownFileType = sourcecode.c.objc; path = SimulationViewController.m; sourceTree = "<group>"; };
		CA4FC7D81440A9A400E30CE0 /* PokerAI.h */ = {isa = PBXFileReference; fileEncoding = 4; lastKnownFileType = sourcecode.c.h; path = PokerAI.h; sourceTree = "<group>"; };
		CA4FC7D91440A9A400E30CE0 /* PokerAI.m */ = {isa = PBXFileReference; fileEncoding = 4; lastKnownFileType = sourcecode.c.objc; path = PokerAI.m; sourceTree = "<group>"; };
		CA6F723D142979C6004D3B2A /* Poker.app */ = {isa = PBXFileReference; explicitFileType = wrapper.application; includeInIndex = 0; path = Poker.app; sourceTree = BUILT_PRODUCTS_DIR; };
		CA6F7241142979C6004D3B2A /* UIKit.framework */ = {isa = PBXFileReference; lastKnownFileType = wrapper.framework; name = UIKit.framework; path = System/Library/Frameworks/UIKit.framework; sourceTree = SDKROOT; };
		CA6F7243142979C6004D3B2A /* Foundation.framework */ = {isa = PBXFileReference; lastKnownFileType = wrapper.framework; name = Foundation.framework; path = System/Library/Frameworks/Foundation.framework; sourceTree = SDKROOT; };
		CA6F7245142979C6004D3B2A /* CoreGraphics.framework */ = {isa = PBXFileReference; lastKnownFileType = wrapper.framework; name = CoreGraphics.framework; path = System/Library/Frameworks/CoreGraphics.framework; sourceTree = SDKROOT; };
		CA6F7249142979C6004D3B2A /* Poker-Info.plist */ = {isa = PBXFileReference; lastKnownFileType = text.plist.xml; path = "Poker-Info.plist"; sourceTree = "<group>"; };
		CA6F724B142979C6004D3B2A /* en */ = {isa = PBXFileReference; lastKnownFileType = text.plist.strings; name = en; path = en.lproj/InfoPlist.strings; sourceTree = "<group>"; };
		CA6F724D142979C6004D3B2A /* main.m */ = {isa = PBXFileReference; lastKnownFileType = sourcecode.c.objc; path = main.m; sourceTree = "<group>"; };
		CA6F724F142979C6004D3B2A /* Poker-Prefix.pch */ = {isa = PBXFileReference; lastKnownFileType = sourcecode.c.h; path = "Poker-Prefix.pch"; sourceTree = "<group>"; };
		CA6F7250142979C6004D3B2A /* AppDelegate.h */ = {isa = PBXFileReference; lastKnownFileType = sourcecode.c.h; path = AppDelegate.h; sourceTree = "<group>"; };
		CA6F7251142979C6004D3B2A /* AppDelegate.m */ = {isa = PBXFileReference; lastKnownFileType = sourcecode.c.objc; path = AppDelegate.m; sourceTree = "<group>"; };
		CA6F7258142979C6004D3B2A /* PokerTests.octest */ = {isa = PBXFileReference; explicitFileType = wrapper.cfbundle; includeInIndex = 0; path = PokerTests.octest; sourceTree = BUILT_PRODUCTS_DIR; };
		CA6F7259142979C6004D3B2A /* SenTestingKit.framework */ = {isa = PBXFileReference; lastKnownFileType = wrapper.framework; name = SenTestingKit.framework; path = Library/Frameworks/SenTestingKit.framework; sourceTree = DEVELOPER_DIR; };
		CA6F7261142979C6004D3B2A /* PokerTests-Info.plist */ = {isa = PBXFileReference; lastKnownFileType = text.plist.xml; path = "PokerTests-Info.plist"; sourceTree = "<group>"; };
		CA6F7263142979C6004D3B2A /* en */ = {isa = PBXFileReference; lastKnownFileType = text.plist.strings; name = en; path = en.lproj/InfoPlist.strings; sourceTree = "<group>"; };
		CA6F7265142979C6004D3B2A /* PokerTests.h */ = {isa = PBXFileReference; lastKnownFileType = sourcecode.c.h; path = PokerTests.h; sourceTree = "<group>"; };
		CA6F7266142979C6004D3B2A /* PokerTests.m */ = {isa = PBXFileReference; lastKnownFileType = sourcecode.c.objc; path = PokerTests.m; sourceTree = "<group>"; };
		CA6F727014297A12004D3B2A /* Card.h */ = {isa = PBXFileReference; fileEncoding = 4; lastKnownFileType = sourcecode.c.h; path = Card.h; sourceTree = "<group>"; };
		CA6F727114297A12004D3B2A /* Card.m */ = {isa = PBXFileReference; fileEncoding = 4; lastKnownFileType = sourcecode.c.objc; path = Card.m; sourceTree = "<group>"; };
		CA8A768E1442196B00C786B6 /* HandLogViewController.h */ = {isa = PBXFileReference; fileEncoding = 4; lastKnownFileType = sourcecode.c.h; path = HandLogViewController.h; sourceTree = "<group>"; };
		CA8A768F1442196C00C786B6 /* HandLogViewController.m */ = {isa = PBXFileReference; fileEncoding = 4; lastKnownFileType = sourcecode.c.objc; path = HandLogViewController.m; sourceTree = "<group>"; };
		CAC7A851142FAB2D00FCCAB1 /* Deck.h */ = {isa = PBXFileReference; fileEncoding = 4; lastKnownFileType = sourcecode.c.h; path = Deck.h; sourceTree = "<group>"; };
		CAC7A852142FAB2D00FCCAB1 /* Deck.m */ = {isa = PBXFileReference; fileEncoding = 4; lastKnownFileType = sourcecode.c.objc; path = Deck.m; sourceTree = "<group>"; };
		CAC7A854142FB03400FCCAB1 /* PokerHand.h */ = {isa = PBXFileReference; fileEncoding = 4; lastKnownFileType = sourcecode.c.h; path = PokerHand.h; sourceTree = "<group>"; };
		CAC7A855142FB03400FCCAB1 /* PokerHand.m */ = {isa = PBXFileReference; fileEncoding = 4; lastKnownFileType = sourcecode.c.objc; path = PokerHand.m; sourceTree = "<group>"; };
		CAC7A857142FBCE500FCCAB1 /* HandArrays.h */ = {isa = PBXFileReference; fileEncoding = 4; lastKnownFileType = sourcecode.c.h; path = HandArrays.h; sourceTree = "<group>"; };
		CAC7A85A142FCA2600FCCAB1 /* PokerGame.h */ = {isa = PBXFileReference; fileEncoding = 4; lastKnownFileType = sourcecode.c.h; path = PokerGame.h; sourceTree = "<group>"; };
		CAC7A85B142FCA2600FCCAB1 /* PokerGame.m */ = {isa = PBXFileReference; fileEncoding = 4; lastKnownFileType = sourcecode.c.objc; path = PokerGame.m; sourceTree = "<group>"; };
		CAC7A85D142FCDCE00FCCAB1 /* PokerTable.h */ = {isa = PBXFileReference; fileEncoding = 4; lastKnownFileType = sourcecode.c.h; path = PokerTable.h; sourceTree = "<group>"; };
		CAC7A85E142FCDCE00FCCAB1 /* PokerTable.m */ = {isa = PBXFileReference; fileEncoding = 4; lastKnownFileType = sourcecode.c.objc; path = PokerTable.m; sourceTree = "<group>"; };
		CAC7A860142FCE8F00FCCAB1 /* PokerPlayer.h */ = {isa = PBXFileReference; fileEncoding = 4; lastKnownFileType = sourcecode.c.h; path = PokerPlayer.h; sourceTree = "<group>"; };
		CAC7A861142FCE8F00FCCAB1 /* PokerPlayer.m */ = {isa = PBXFileReference; fileEncoding = 4; lastKnownFileType = sourcecode.c.objc; path = PokerPlayer.m; sourceTree = "<group>"; };
/* End PBXFileReference section */

/* Begin PBXFrameworksBuildPhase section */
		CA6F723A142979C6004D3B2A /* Frameworks */ = {
			isa = PBXFrameworksBuildPhase;
			buildActionMask = 2147483647;
			files = (
				CA6F7242142979C6004D3B2A /* UIKit.framework in Frameworks */,
				CA6F7244142979C6004D3B2A /* Foundation.framework in Frameworks */,
				CA6F7246142979C6004D3B2A /* CoreGraphics.framework in Frameworks */,
			);
			runOnlyForDeploymentPostprocessing = 0;
		};
		CA6F7254142979C6004D3B2A /* Frameworks */ = {
			isa = PBXFrameworksBuildPhase;
			buildActionMask = 2147483647;
			files = (
				CA6F725A142979C6004D3B2A /* SenTestingKit.framework in Frameworks */,
				CA6F725B142979C6004D3B2A /* UIKit.framework in Frameworks */,
				CA6F725C142979C6004D3B2A /* Foundation.framework in Frameworks */,
			);
			runOnlyForDeploymentPostprocessing = 0;
		};
/* End PBXFrameworksBuildPhase section */

/* Begin PBXGroup section */
		CA6F7232142979C5004D3B2A = {
			isa = PBXGroup;
			children = (
				CA6F7247142979C6004D3B2A /* Poker */,
				CA6F7248142979C6004D3B2A /* Supporting Files */,
				CA6F725F142979C6004D3B2A /* PokerTests */,
				CA6F7240142979C6004D3B2A /* Frameworks */,
				CA6F723E142979C6004D3B2A /* Products */,
			);
			sourceTree = "<group>";
		};
		CA6F723E142979C6004D3B2A /* Products */ = {
			isa = PBXGroup;
			children = (
				CA6F723D142979C6004D3B2A /* Poker.app */,
				CA6F7258142979C6004D3B2A /* PokerTests.octest */,
			);
			name = Products;
			sourceTree = "<group>";
		};
		CA6F7240142979C6004D3B2A /* Frameworks */ = {
			isa = PBXGroup;
			children = (
				CA6F7241142979C6004D3B2A /* UIKit.framework */,
				CA6F7243142979C6004D3B2A /* Foundation.framework */,
				CA6F7245142979C6004D3B2A /* CoreGraphics.framework */,
				CA6F7259142979C6004D3B2A /* SenTestingKit.framework */,
			);
			name = Frameworks;
			sourceTree = "<group>";
		};
		CA6F7247142979C6004D3B2A /* Poker */ = {
			isa = PBXGroup;
			children = (
				CA6F7250142979C6004D3B2A /* AppDelegate.h */,
				CA6F7251142979C6004D3B2A /* AppDelegate.m */,
				CA4FC7C81439015A00E30CE0 /* PlayersViewController.h */,
				CA4FC7C91439015A00E30CE0 /* PlayersViewController.m */,
				CA4FC7D0143905C500E30CE0 /* EditPlayerViewController.h */,
				CA4FC7D1143905C500E30CE0 /* EditPlayerViewController.m */,
				CA4FC7D514391E7500E30CE0 /* SimulationViewController.h */,
				CA4FC7D614391E7500E30CE0 /* SimulationViewController.m */,
				CA8A768E1442196B00C786B6 /* HandLogViewController.h */,
				CA8A768F1442196C00C786B6 /* HandLogViewController.m */,
				CAC7A858142FC9FC00FCCAB1 /* Cards */,
				CAC7A859142FCA0900FCCAB1 /* Poker */,
			);
			path = Poker;
			sourceTree = "<group>";
		};
		CA6F7248142979C6004D3B2A /* Supporting Files */ = {
			isa = PBXGroup;
			children = (
				CA6F7249142979C6004D3B2A /* Poker-Info.plist */,
				CA6F724A142979C6004D3B2A /* InfoPlist.strings */,
				CA6F724D142979C6004D3B2A /* main.m */,
				CA6F724F142979C6004D3B2A /* Poker-Prefix.pch */,
			);
			name = "Supporting Files";
			path = Poker;
			sourceTree = "<group>";
		};
		CA6F725F142979C6004D3B2A /* PokerTests */ = {
			isa = PBXGroup;
			children = (
				CA6F7265142979C6004D3B2A /* PokerTests.h */,
				CA6F7266142979C6004D3B2A /* PokerTests.m */,
				CA6F7260142979C6004D3B2A /* Supporting Files */,
			);
			path = PokerTests;
			sourceTree = "<group>";
		};
		CA6F7260142979C6004D3B2A /* Supporting Files */ = {
			isa = PBXGroup;
			children = (
				CA6F7261142979C6004D3B2A /* PokerTests-Info.plist */,
				CA6F7262142979C6004D3B2A /* InfoPlist.strings */,
			);
			name = "Supporting Files";
			sourceTree = "<group>";
		};
		CAC7A858142FC9FC00FCCAB1 /* Cards */ = {
			isa = PBXGroup;
			children = (
				CA6F727014297A12004D3B2A /* Card.h */,
				CA6F727114297A12004D3B2A /* Card.m */,
				CAC7A851142FAB2D00FCCAB1 /* Deck.h */,
				CAC7A852142FAB2D00FCCAB1 /* Deck.m */,
			);
			name = Cards;
			sourceTree = "<group>";
		};
		CAC7A859142FCA0900FCCAB1 /* Poker */ = {
			isa = PBXGroup;
			children = (
				CAC7A854142FB03400FCCAB1 /* PokerHand.h */,
				CAC7A855142FB03400FCCAB1 /* PokerHand.m */,
				CAC7A857142FBCE500FCCAB1 /* HandArrays.h */,
				CAC7A85A142FCA2600FCCAB1 /* PokerGame.h */,
				CAC7A85B142FCA2600FCCAB1 /* PokerGame.m */,
				CAC7A85D142FCDCE00FCCAB1 /* PokerTable.h */,
				CAC7A85E142FCDCE00FCCAB1 /* PokerTable.m */,
				CAC7A860142FCE8F00FCCAB1 /* PokerPlayer.h */,
				CAC7A861142FCE8F00FCCAB1 /* PokerPlayer.m */,
				CA4FC7D81440A9A400E30CE0 /* PokerAI.h */,
				CA4FC7D91440A9A400E30CE0 /* PokerAI.m */,
			);
			name = Poker;
			sourceTree = "<group>";
		};
/* End PBXGroup section */

/* Begin PBXNativeTarget section */
		CA6F723C142979C6004D3B2A /* Poker */ = {
			isa = PBXNativeTarget;
			buildConfigurationList = CA6F726A142979C6004D3B2A /* Build configuration list for PBXNativeTarget "Poker" */;
			buildPhases = (
				CA6F7239142979C6004D3B2A /* Sources */,
				CA6F723A142979C6004D3B2A /* Frameworks */,
				CA6F723B142979C6004D3B2A /* Resources */,
			);
			buildRules = (
			);
			dependencies = (
			);
			name = Poker;
			productName = Poker;
			productReference = CA6F723D142979C6004D3B2A /* Poker.app */;
			productType = "com.apple.product-type.application";
		};
		CA6F7257142979C6004D3B2A /* PokerTests */ = {
			isa = PBXNativeTarget;
			buildConfigurationList = CA6F726D142979C6004D3B2A /* Build configuration list for PBXNativeTarget "PokerTests" */;
			buildPhases = (
				CA6F7253142979C6004D3B2A /* Sources */,
				CA6F7254142979C6004D3B2A /* Frameworks */,
				CA6F7255142979C6004D3B2A /* Resources */,
				CA6F7256142979C6004D3B2A /* ShellScript */,
			);
			buildRules = (
			);
			dependencies = (
				CA6F725E142979C6004D3B2A /* PBXTargetDependency */,
			);
			name = PokerTests;
			productName = PokerTests;
			productReference = CA6F7258142979C6004D3B2A /* PokerTests.octest */;
			productType = "com.apple.product-type.bundle";
		};
/* End PBXNativeTarget section */

/* Begin PBXProject section */
		CA6F7234142979C5004D3B2A /* Project object */ = {
			isa = PBXProject;
			attributes = {
				LastUpgradeCheck = 0420;
				ORGANIZATIONNAME = "Brandon Smith";
			};
			buildConfigurationList = CA6F7237142979C5004D3B2A /* Build configuration list for PBXProject "Poker" */;
			compatibilityVersion = "Xcode 3.2";
			developmentRegion = English;
			hasScannedForEncodings = 0;
			knownRegions = (
				en,
			);
			mainGroup = CA6F7232142979C5004D3B2A;
			productRefGroup = CA6F723E142979C6004D3B2A /* Products */;
			projectDirPath = "";
			projectRoot = "";
			targets = (
				CA6F723C142979C6004D3B2A /* Poker */,
				CA6F7257142979C6004D3B2A /* PokerTests */,
			);
		};
/* End PBXProject section */

/* Begin PBXResourcesBuildPhase section */
		CA6F723B142979C6004D3B2A /* Resources */ = {
			isa = PBXResourcesBuildPhase;
			buildActionMask = 2147483647;
			files = (
				CA6F724C142979C6004D3B2A /* InfoPlist.strings in Resources */,
			);
			runOnlyForDeploymentPostprocessing = 0;
		};
		CA6F7255142979C6004D3B2A /* Resources */ = {
			isa = PBXResourcesBuildPhase;
			buildActionMask = 2147483647;
			files = (
				CA6F7264142979C6004D3B2A /* InfoPlist.strings in Resources */,
			);
			runOnlyForDeploymentPostprocessing = 0;
		};
/* End PBXResourcesBuildPhase section */

/* Begin PBXShellScriptBuildPhase section */
		CA6F7256142979C6004D3B2A /* ShellScript */ = {
			isa = PBXShellScriptBuildPhase;
			buildActionMask = 2147483647;
			files = (
			);
			inputPaths = (
			);
			outputPaths = (
			);
			runOnlyForDeploymentPostprocessing = 0;
			shellPath = /bin/sh;
			shellScript = "# Run the unit tests in this test bundle.\n\"${SYSTEM_DEVELOPER_DIR}/Tools/RunUnitTests\"\n";
		};
/* End PBXShellScriptBuildPhase section */

/* Begin PBXSourcesBuildPhase section */
		CA6F7239142979C6004D3B2A /* Sources */ = {
			isa = PBXSourcesBuildPhase;
			buildActionMask = 2147483647;
			files = (
				CA6F724E142979C6004D3B2A /* main.m in Sources */,
				CA6F7252142979C6004D3B2A /* AppDelegate.m in Sources */,
				CA6F727214297A12004D3B2A /* Card.m in Sources */,
				CAC7A853142FAB2D00FCCAB1 /* Deck.m in Sources */,
				CAC7A856142FB03400FCCAB1 /* PokerHand.m in Sources */,
				CAC7A85C142FCA2600FCCAB1 /* PokerGame.m in Sources */,
				CAC7A85F142FCDCE00FCCAB1 /* PokerTable.m in Sources */,
				CAC7A862142FCE8F00FCCAB1 /* PokerPlayer.m in Sources */,
				CA4FC7CA1439015B00E30CE0 /* PlayersViewController.m in Sources */,
				CA4FC7D3143905C600E30CE0 /* EditPlayerViewController.m in Sources */,
				CA4FC7D714391E7600E30CE0 /* SimulationViewController.m in Sources */,
				CA4FC7DA1440A9A500E30CE0 /* PokerAI.m in Sources */,
				CA8A76901442196C00C786B6 /* HandLogViewController.m in Sources */,
			);
			runOnlyForDeploymentPostprocessing = 0;
		};
		CA6F7253142979C6004D3B2A /* Sources */ = {
			isa = PBXSourcesBuildPhase;
			buildActionMask = 2147483647;
			files = (
				CA6F7267142979C6004D3B2A /* PokerTests.m in Sources */,
			);
			runOnlyForDeploymentPostprocessing = 0;
		};
/* End PBXSourcesBuildPhase section */

/* Begin PBXTargetDependency section */
		CA6F725E142979C6004D3B2A /* PBXTargetDependency */ = {
			isa = PBXTargetDependency;
			target = CA6F723C142979C6004D3B2A /* Poker */;
			targetProxy = CA6F725D142979C6004D3B2A /* PBXContainerItemProxy */;
		};
/* End PBXTargetDependency section */

/* Begin PBXVariantGroup section */
		CA6F724A142979C6004D3B2A /* InfoPlist.strings */ = {
			isa = PBXVariantGroup;
			children = (
				CA6F724B142979C6004D3B2A /* en */,
			);
			name = InfoPlist.strings;
			sourceTree = "<group>";
		};
		CA6F7262142979C6004D3B2A /* InfoPlist.strings */ = {
			isa = PBXVariantGroup;
			children = (
				CA6F7263142979C6004D3B2A /* en */,
			);
			name = InfoPlist.strings;
			sourceTree = "<group>";
		};
/* End PBXVariantGroup section */

/* Begin XCBuildConfiguration section */
		CA6F7268142979C6004D3B2A /* Debug */ = {
			isa = XCBuildConfiguration;
			buildSettings = {
				ALWAYS_SEARCH_USER_PATHS = NO;
				ARCHS = "$(ARCHS_STANDARD_32_BIT)";
				CLANG_ENABLE_OBJC_ARC = YES;
				"CODE_SIGN_IDENTITY[sdk=iphoneos*]" = "iPhone Developer";
				COPY_PHASE_STRIP = NO;
				GCC_C_LANGUAGE_STANDARD = gnu99;
				GCC_DYNAMIC_NO_PIC = NO;
				GCC_OPTIMIZATION_LEVEL = 0;
				GCC_PREPROCESSOR_DEFINITIONS = (
					"DEBUG=1",
					"$(inherited)",
				);
				GCC_SYMBOLS_PRIVATE_EXTERN = NO;
				GCC_VERSION = com.apple.compilers.llvm.clang.1_0;
				GCC_WARN_ABOUT_MISSING_PROTOTYPES = YES;
				GCC_WARN_ABOUT_RETURN_TYPE = YES;
				GCC_WARN_UNUSED_VARIABLE = YES;
				IPHONEOS_DEPLOYMENT_TARGET = 4.3;
				SDKROOT = iphoneos;
				TARGETED_DEVICE_FAMILY = "1,2";
			};
			name = Debug;
		};
		CA6F7269142979C6004D3B2A /* Release */ = {
			isa = XCBuildConfiguration;
			buildSettings = {
				ALWAYS_SEARCH_USER_PATHS = NO;
				ARCHS = "$(ARCHS_STANDARD_32_BIT)";
				CLANG_ENABLE_OBJC_ARC = YES;
				"CODE_SIGN_IDENTITY[sdk=iphoneos*]" = "iPhone Developer";
				COPY_PHASE_STRIP = YES;
				GCC_C_LANGUAGE_STANDARD = gnu99;
				GCC_VERSION = com.apple.compilers.llvm.clang.1_0;
				GCC_WARN_ABOUT_MISSING_PROTOTYPES = YES;
				GCC_WARN_ABOUT_RETURN_TYPE = YES;
				GCC_WARN_UNUSED_VARIABLE = YES;
				IPHONEOS_DEPLOYMENT_TARGET = 4.3;
				OTHER_CFLAGS = "-DNS_BLOCK_ASSERTIONS=1";
				SDKROOT = iphoneos;
				TARGETED_DEVICE_FAMILY = "1,2";
				VALIDATE_PRODUCT = YES;
			};
			name = Release;
		};
		CA6F726B142979C6004D3B2A /* Debug */ = {
			isa = XCBuildConfiguration;
			buildSettings = {
				GCC_PRECOMPILE_PREFIX_HEADER = YES;
				GCC_PREFIX_HEADER = "Poker/Poker-Prefix.pch";
				INFOPLIST_FILE = "Poker/Poker-Info.plist";
				IPHONEOS_DEPLOYMENT_TARGET = 4.3;
				PRODUCT_NAME = "$(TARGET_NAME)";
				WRAPPER_EXTENSION = app;
			};
			name = Debug;
		};
		CA6F726C142979C6004D3B2A /* Release */ = {
			isa = XCBuildConfiguration;
			buildSettings = {
				GCC_PRECOMPILE_PREFIX_HEADER = YES;
				GCC_PREFIX_HEADER = "Poker/Poker-Prefix.pch";
				INFOPLIST_FILE = "Poker/Poker-Info.plist";
				IPHONEOS_DEPLOYMENT_TARGET = 4.3;
				PRODUCT_NAME = "$(TARGET_NAME)";
				WRAPPER_EXTENSION = app;
			};
			name = Release;
		};
		CA6F726E142979C6004D3B2A /* Debug */ = {
			isa = XCBuildConfiguration;
			buildSettings = {
				BUNDLE_LOADER = "$(BUILT_PRODUCTS_DIR)/Poker.app/Poker";
				FRAMEWORK_SEARCH_PATHS = (
					"$(SDKROOT)/Developer/Library/Frameworks",
					"$(DEVELOPER_LIBRARY_DIR)/Frameworks",
				);
				GCC_PRECOMPILE_PREFIX_HEADER = YES;
				GCC_PREFIX_HEADER = "Poker/Poker-Prefix.pch";
				INFOPLIST_FILE = "PokerTests/PokerTests-Info.plist";
				PRODUCT_NAME = "$(TARGET_NAME)";
				TEST_HOST = "$(BUNDLE_LOADER)";
				WRAPPER_EXTENSION = octest;
			};
			name = Debug;
		};
		CA6F726F142979C6004D3B2A /* Release */ = {
			isa = XCBuildConfiguration;
			buildSettings = {
				BUNDLE_LOADER = "$(BUILT_PRODUCTS_DIR)/Poker.app/Poker";
				FRAMEWORK_SEARCH_PATHS = (
					"$(SDKROOT)/Developer/Library/Frameworks",
					"$(DEVELOPER_LIBRARY_DIR)/Frameworks",
				);
				GCC_PRECOMPILE_PREFIX_HEADER = YES;
				GCC_PREFIX_HEADER = "Poker/Poker-Prefix.pch";
				INFOPLIST_FILE = "PokerTests/PokerTests-Info.plist";
				PRODUCT_NAME = "$(TARGET_NAME)";
				TEST_HOST = "$(BUNDLE_LOADER)";
				WRAPPER_EXTENSION = octest;
			};
			name = Release;
		};
/* End XCBuildConfiguration section */

/* Begin XCConfigurationList section */
		CA6F7237142979C5004D3B2A /* Build configuration list for PBXProject "Poker" */ = {
			isa = XCConfigurationList;
			buildConfigurations = (
				CA6F7268142979C6004D3B2A /* Debug */,
				CA6F7269142979C6004D3B2A /* Release */,
			);
			defaultConfigurationIsVisible = 0;
			defaultConfigurationName = Release;
		};
		CA6F726A142979C6004D3B2A /* Build configuration list for PBXNativeTarget "Poker" */ = {
			isa = XCConfigurationList;
			buildConfigurations = (
				CA6F726B142979C6004D3B2A /* Debug */,
				CA6F726C142979C6004D3B2A /* Release */,
			);
			defaultConfigurationIsVisible = 0;
			defaultConfigurationName = Release;
		};
		CA6F726D142979C6004D3B2A /* Build configuration list for PBXNativeTarget "PokerTests" */ = {
			isa = XCConfigurationList;
			buildConfigurations = (
				CA6F726E142979C6004D3B2A /* Debug */,
				CA6F726F142979C6004D3B2A /* Release */,
			);
			defaultConfigurationIsVisible = 0;
			defaultConfigurationName = Release;
		};
/* End XCConfigurationList section */
	};
	rootObject = CA6F7234142979C5004D3B2A /* Project object */;
}
